{
	"requires": true,
	"lockfileVersion": 1,
	"dependencies": {
		"@gsox/core": {
			"version": "0.2.2",
			"resolved": "https://registry.npmjs.org/@gsox/core/-/core-0.2.2.tgz",
			"integrity": "sha512-krbcW+J0GloQQfXwibiFmp7ABGzWOMWDjH2otgXa9TR5jXic/38n8pbs1huhnA5FeSQN+MXrwUTnVRJVx3+dfQ=="
		},
		"reflect-metadata": {
			"version": "0.1.12",
			"resolved": "https://registry.npmjs.org/reflect-metadata/-/reflect-metadata-0.1.12.tgz",
			"integrity": "sha512-n+IyV+nGz3+0q3/Yf1ra12KpCyi001bi4XFxSjbiWWjfqb52iTTtpGXmCCAOWWIAn9KEuFZKGqBERHmrtScZ3A=="
		}
	}
}
